
Microsoft Visual Studio Solution File, Format Version 12.00
# Visual Studio 15
VisualStudioVersion = 15.0.28010.2046
MinimumVisualStudioVersion = 10.0.40219.1
Project("{FAE04EC0-301F-11D3-BF4B-00C04F79EFBC}") = "TriggersInOut", "TriggersInOut\TriggersInOut.csproj", "{DF07A99C-845B-4E09-9C85-39649B56AE5B}"
EndProject
Global
	GlobalSection(SolutionConfigurationPlatforms) = preSolution
		Debug|Any CPU = Debug|Any CPU
		Release|Any CPU = Release|Any CPU
	EndGlobalSection
	GlobalSection(ProjectConfigurationPlatforms) = postSolution
		{DF07A99C-845B-4E09-9C85-39649B56AE5B}.Debug|Any CPU.ActiveCfg = Debug|Any CPU
		{DF07A99C-845B-4E09-9C85-39649B56AE5B}.Debug|Any CPU.Build.0 = Debug|Any CPU
		{DF07A99C-845B-4E09-9C85-39649B56AE5B}.Release|Any CPU.ActiveCfg = Release|Any CPU
		{DF07A99C-845B-4E09-9C85-39649B56AE5B}.Release|Any CPU.Build.0 = Release|Any CPU
	EndGlobalSection
	GlobalSection(SolutionProperties) = preSolution
		HideSolutionNode = FALSE
	EndGlobalSection
	GlobalSection(ExtensibilityGlobals) = postSolution
		SolutionGuid = {CFC41A1E-C5E6-44AD-9C23-8D8DCB274B26}
	EndGlobalSection
EndGlobal
